
Microsoft Visual Studio Solution File, Format Version 12.00
# Visual Studio Version 16
VisualStudioVersion = 16.0.31229.75
MinimumVisualStudioVersion = 10.0.40219.1
Project("{9A19103F-16F7-4668-BE54-9A1E7A4F7556}") = "Experiment", "Experiment\Experiment.csproj", "{2FEADEC5-4772-46F9-A7AA-2EDDA8523C11}"
EndProject
Global
	GlobalSection(SolutionConfigurationPlatforms) = preSolution
		Debug|Any CPU = Debug|Any CPU
		Release|Any CPU = Release|Any CPU
	EndGlobalSection
	GlobalSection(ProjectConfigurationPlatforms) = postSolution
		{2FEADEC5-4772-46F9-A7AA-2EDDA8523C11}.Debug|Any CPU.ActiveCfg = Debug|Any CPU
		{2FEADEC5-4772-46F9-A7AA-2EDDA8523C11}.Debug|Any CPU.Build.0 = Debug|Any CPU
		{2FEADEC5-4772-46F9-A7AA-2EDDA8523C11}.Release|Any CPU.ActiveCfg = Release|Any CPU
		{2FEADEC5-4772-46F9-A7AA-2EDDA8523C11}.Release|Any CPU.Build.0 = Release|Any CPU
	EndGlobalSection
	GlobalSection(SolutionProperties) = preSolution
		HideSolutionNode = FALSE
	EndGlobalSection
	GlobalSection(ExtensibilityGlobals) = postSolution
		SolutionGuid = {3A0461F7-B99D-44E6-ACC6-7E59899E9813}
	EndGlobalSection
EndGlobal
